# This file is automatically @generated by Wally.
# It is not intended for manual editing.
registry = "test"

[[package]]
name = "firebird702/profileservice"
version = "1.1.0"
dependencies = []

[[package]]
name = "kineticwallet/promise"
version = "4.0.0"
dependencies = []

[[package]]
name = "leifstout/networker"
version = "0.3.1"
dependencies = [["Signal", "sleitnick/signal@2.0.3"]]

[[package]]
name = "sleitnick/signal"
version = "2.0.3"
dependencies = []

[[package]]
name = "startklar/robloxprojects"
version = "0.1.0"
dependencies = [["networker", "leifstout/networker@0.3.1"], ["promise", "kineticwallet/promise@4.0.0"], ["profileservice", "firebird702/profileservice@1.1.0"]]
